
Microsoft Visual Studio Solution File, Format Version 12.00
# Visual Studio Version 17
VisualStudioVersion = 17.11.35219.272
MinimumVisualStudioVersion = 10.0.40219.1
Project("{FAE04EC0-301F-11D3-BF4B-00C04F79EFBC}") = "FormApp", "FormApp\FormApp.csproj", "{8302A900-CEDC-4E79-9C08-6B99DE3B319E}"
EndProject
Project("{FAE04EC0-301F-11D3-BF4B-00C04F79EFBC}") = "Repositories", "Repositories\Repositories.csproj", "{B86BBC74-F950-4E24-AC13-E081B54C3EA8}"
EndProject
Project("{FAE04EC0-301F-11D3-BF4B-00C04F79EFBC}") = "Services", "Services\Services.csproj", "{3D609F9A-4BF3-4459-8A61-B2EB034270EB}"
EndProject
Project("{FAE04EC0-301F-11D3-BF4B-00C04F79EFBC}") = "MVCApp", "MVCApp\MVCApp.csproj", "{73CE6832-9058-4392-B6FB-C7DAD040DB2D}"
EndProject
Project("{FAE04EC0-301F-11D3-BF4B-00C04F79EFBC}") = "Models", "Models\Models.csproj", "{CCADCBD8-634A-45D6-A7F6-8ED028F97674}"
EndProject
Global
	GlobalSection(SolutionConfigurationPlatforms) = preSolution
		Debug|Any CPU = Debug|Any CPU
		Release|Any CPU = Release|Any CPU
	EndGlobalSection
	GlobalSection(ProjectConfigurationPlatforms) = postSolution
		{8302A900-CEDC-4E79-9C08-6B99DE3B319E}.Debug|Any CPU.ActiveCfg = Debug|Any CPU
		{8302A900-CEDC-4E79-9C08-6B99DE3B319E}.Debug|Any CPU.Build.0 = Debug|Any CPU
		{8302A900-CEDC-4E79-9C08-6B99DE3B319E}.Release|Any CPU.ActiveCfg = Release|Any CPU
		{8302A900-CEDC-4E79-9C08-6B99DE3B319E}.Release|Any CPU.Build.0 = Release|Any CPU
		{B86BBC74-F950-4E24-AC13-E081B54C3EA8}.Debug|Any CPU.ActiveCfg = Debug|Any CPU
		{B86BBC74-F950-4E24-AC13-E081B54C3EA8}.Debug|Any CPU.Build.0 = Debug|Any CPU
		{B86BBC74-F950-4E24-AC13-E081B54C3EA8}.Release|Any CPU.ActiveCfg = Release|Any CPU
		{B86BBC74-F950-4E24-AC13-E081B54C3EA8}.Release|Any CPU.Build.0 = Release|Any CPU
		{3D609F9A-4BF3-4459-8A61-B2EB034270EB}.Debug|Any CPU.ActiveCfg = Debug|Any CPU
		{3D609F9A-4BF3-4459-8A61-B2EB034270EB}.Debug|Any CPU.Build.0 = Debug|Any CPU
		{3D609F9A-4BF3-4459-8A61-B2EB034270EB}.Release|Any CPU.ActiveCfg = Release|Any CPU
		{3D609F9A-4BF3-4459-8A61-B2EB034270EB}.Release|Any CPU.Build.0 = Release|Any CPU
		{73CE6832-9058-4392-B6FB-C7DAD040DB2D}.Debug|Any CPU.ActiveCfg = Debug|Any CPU
		{73CE6832-9058-4392-B6FB-C7DAD040DB2D}.Debug|Any CPU.Build.0 = Debug|Any CPU
		{73CE6832-9058-4392-B6FB-C7DAD040DB2D}.Release|Any CPU.ActiveCfg = Release|Any CPU
		{73CE6832-9058-4392-B6FB-C7DAD040DB2D}.Release|Any CPU.Build.0 = Release|Any CPU
		{CCADCBD8-634A-45D6-A7F6-8ED028F97674}.Debug|Any CPU.ActiveCfg = Debug|Any CPU
		{CCADCBD8-634A-45D6-A7F6-8ED028F97674}.Debug|Any CPU.Build.0 = Debug|Any CPU
		{CCADCBD8-634A-45D6-A7F6-8ED028F97674}.Release|Any CPU.ActiveCfg = Release|Any CPU
		{CCADCBD8-634A-45D6-A7F6-8ED028F97674}.Release|Any CPU.Build.0 = Release|Any CPU
	EndGlobalSection
	GlobalSection(SolutionProperties) = preSolution
		HideSolutionNode = FALSE
	EndGlobalSection
	GlobalSection(ExtensibilityGlobals) = postSolution
		SolutionGuid = {B8C44501-851A-4B79-9DCC-EBACAC5AE539}
	EndGlobalSection
EndGlobal
